
Microsoft Visual Studio Solution File, Format Version 12.00
# Visual Studio Version 16
VisualStudioVersion = 16.0.31424.327
MinimumVisualStudioVersion = 10.0.40219.1
Project("{FAE04EC0-301F-11D3-BF4B-00C04F79EFBC}") = "Inventory Management ConsoleAPP", "Inventory Management ConsoleAPP\Inventory Management ConsoleAPP.csproj", "{60C7716D-6C6B-4909-A7D6-8768E9D6D858}"
EndProject
Global
	GlobalSection(SolutionConfigurationPlatforms) = preSolution
		Debug|Any CPU = Debug|Any CPU
		Release|Any CPU = Release|Any CPU
	EndGlobalSection
	GlobalSection(ProjectConfigurationPlatforms) = postSolution
		{60C7716D-6C6B-4909-A7D6-8768E9D6D858}.Debug|Any CPU.ActiveCfg = Debug|Any CPU
		{60C7716D-6C6B-4909-A7D6-8768E9D6D858}.Debug|Any CPU.Build.0 = Debug|Any CPU
		{60C7716D-6C6B-4909-A7D6-8768E9D6D858}.Release|Any CPU.ActiveCfg = Release|Any CPU
		{60C7716D-6C6B-4909-A7D6-8768E9D6D858}.Release|Any CPU.Build.0 = Release|Any CPU
	EndGlobalSection
	GlobalSection(SolutionProperties) = preSolution
		HideSolutionNode = FALSE
	EndGlobalSection
	GlobalSection(ExtensibilityGlobals) = postSolution
		SolutionGuid = {A59FD96F-042C-40A9-97B3-A1C9633EBEC0}
	EndGlobalSection
EndGlobal
